// !$*UTF8*$!
{
	archiveVersion = 1;
	classes = {
	};
	objectVersion = 52;
	objects = {

/* Begin PBXBuildFile section */
		4D65A19226831D9400783BC5 /* GoogleService-Info.plist in Resources */ = {isa = PBXBuildFile; fileRef = 4D65A19126831D9300783BC5 /* GoogleService-Info.plist */; };
		4D65A19426831F2100783BC5 /* joinViewController.swift in Sources */ = {isa = PBXBuildFile; fileRef = 4D65A19326831F2100783BC5 /* joinViewController.swift */; };
		4D65A1BE268367F800783BC5 /* FacebookLogin in Frameworks */ = {isa = PBXBuildFile; productRef = 4D65A1BD268367F800783BC5 /* FacebookLogin */; };
		4D65A1E72684B6B700783BC5 /* getData.swift in Sources */ = {isa = PBXBuildFile; fileRef = 4D65A1E62684B6B700783BC5 /* getData.swift */; };
		4D65A1EA2684C80900783BC5 /* listTableViewCell.swift in Sources */ = {isa = PBXBuildFile; fileRef = 4D65A1E92684C80900783BC5 /* listTableViewCell.swift */; };
		4D65B09126873363008CB97B /* informationTableViewController.swift in Sources */ = {isa = PBXBuildFile; fileRef = 4D65B09026873363008CB97B /* informationTableViewController.swift */; };
		4D66FA7D268823C1001BFD65 /* uploadData.swift in Sources */ = {isa = PBXBuildFile; fileRef = 4D66FA7C268823C1001BFD65 /* uploadData.swift */; };
		4D66FA8126882438001BFD65 /* infoData.swift in Sources */ = {isa = PBXBuildFile; fileRef = 4D66FA8026882438001BFD65 /* infoData.swift */; };
		4DA88AD1268990210006E411 /* location.swift in Sources */ = {isa = PBXBuildFile; fileRef = 4DA88AD0268990210006E411 /* location.swift */; };
		4DE4A3D52681B5B60084D587 /* AppDelegate.swift in Sources */ = {isa = PBXBuildFile; fileRef = 4DE4A3D42681B5B60084D587 /* AppDelegate.swift */; };
		4DE4A3D72681B5B60084D587 /* SceneDelegate.swift in Sources */ = {isa = PBXBuildFile; fileRef = 4DE4A3D62681B5B60084D587 /* SceneDelegate.swift */; };
		4DE4A3DC2681B5B60084D587 /* Main.storyboard in Resources */ = {isa = PBXBuildFile; fileRef = 4DE4A3DA2681B5B60084D587 /* Main.storyboard */; };
		4DE4A3DF2681B5B60084D587 /* easyGo.xcdatamodeld in Sources */ = {isa = PBXBuildFile; fileRef = 4DE4A3DD2681B5B60084D587 /* easyGo.xcdatamodeld */; };
		4DE4A3E12681B5BB0084D587 /* Assets.xcassets in Resources */ = {isa = PBXBuildFile; fileRef = 4DE4A3E02681B5BB0084D587 /* Assets.xcassets */; };
		4DE4A3E42681B5BB0084D587 /* LaunchScreen.storyboard in Resources */ = {isa = PBXBuildFile; fileRef = 4DE4A3E22681B5BB0084D587 /* LaunchScreen.storyboard */; };
		4DE4A3EC2681B5DF0084D587 /* sinInViewController.swift in Sources */ = {isa = PBXBuildFile; fileRef = 4DE4A3EB2681B5DF0084D587 /* sinInViewController.swift */; };
		4DE4A3EF2681C2770084D587 /* listTableViewController.swift in Sources */ = {isa = PBXBuildFile; fileRef = 4DE4A3EE2681C2770084D587 /* listTableViewController.swift */; };
		4DE4A3F12681C83F0084D587 /* orderTableViewController.swift in Sources */ = {isa = PBXBuildFile; fileRef = 4DE4A3F02681C83F0084D587 /* orderTableViewController.swift */; };
		AE3F9269BD58221DFD2BF050 /* Pods_easyGo.framework in Frameworks */ = {isa = PBXBuildFile; fileRef = DEC40723EC431029D0060D20 /* Pods_easyGo.framework */; };
/* End PBXBuildFile section */

/* Begin PBXFileReference section */
		29CB990A5DD5C1BC8619229F /* Pods-easyGo.release.xcconfig */ = {isa = PBXFileReference; includeInIndex = 1; lastKnownFileType = text.xcconfig; name = "Pods-easyGo.release.xcconfig"; path = "Target Support Files/Pods-easyGo/Pods-easyGo.release.xcconfig"; sourceTree = "<group>"; };
		4D65A19126831D9300783BC5 /* GoogleService-Info.plist */ = {isa = PBXFileReference; fileEncoding = 4; lastKnownFileType = text.plist.xml; path = "GoogleService-Info.plist"; sourceTree = "<group>"; };
		4D65A19326831F2100783BC5 /* joinViewController.swift */ = {isa = PBXFileReference; lastKnownFileType = sourcecode.swift; path = joinViewController.swift; sourceTree = "<group>"; };
		4D65A1E62684B6B700783BC5 /* getData.swift */ = {isa = PBXFileReference; lastKnownFileType = sourcecode.swift; path = getData.swift; sourceTree = "<group>"; };
		4D65A1E92684C80900783BC5 /* listTableViewCell.swift */ = {isa = PBXFileReference; lastKnownFileType = sourcecode.swift; name = listTableViewCell.swift; path = "/Users/alangprs/Documents/彼得潘班/easyGo/data/listTableViewCell.swift"; sourceTree = "<absolute>"; };
		4D65B09026873363008CB97B /* informationTableViewController.swift */ = {isa = PBXFileReference; lastKnownFileType = sourcecode.swift; name = informationTableViewController.swift; path = "/Users/alangprs/Documents/彼得潘班/easyGo/controller/informationTableViewController.swift"; sourceTree = "<absolute>"; };
		4D66FA7C268823C1001BFD65 /* uploadData.swift */ = {isa = PBXFileReference; lastKnownFileType = sourcecode.swift; path = uploadData.swift; sourceTree = "<group>"; };
		4D66FA8026882438001BFD65 /* infoData.swift */ = {isa = PBXFileReference; lastKnownFileType = sourcecode.swift; name = infoData.swift; path = data/infoData.swift; sourceTree = SOURCE_ROOT; };
		4DA88AD0268990210006E411 /* location.swift */ = {isa = PBXFileReference; lastKnownFileType = sourcecode.swift; name = location.swift; path = "/Users/alangprs/Documents/彼得潘班/easyGo/data/location.swift"; sourceTree = "<absolute>"; };
		4DE4A3D12681B5B60084D587 /* easyGo.app */ = {isa = PBXFileReference; explicitFileType = wrapper.application; includeInIndex = 0; path = easyGo.app; sourceTree = BUILT_PRODUCTS_DIR; };
		4DE4A3D42681B5B60084D587 /* AppDelegate.swift */ = {isa = PBXFileReference; lastKnownFileType = sourcecode.swift; path = AppDelegate.swift; sourceTree = "<group>"; };
		4DE4A3D62681B5B60084D587 /* SceneDelegate.swift */ = {isa = PBXFileReference; lastKnownFileType = sourcecode.swift; path = SceneDelegate.swift; sourceTree = "<group>"; };
		4DE4A3DB2681B5B60084D587 /* Base */ = {isa = PBXFileReference; lastKnownFileType = file.storyboard; name = Base; path = Base.lproj/Main.storyboard; sourceTree = "<group>"; };
		4DE4A3DE2681B5B60084D587 /* easyGo.xcdatamodel */ = {isa = PBXFileReference; lastKnownFileType = wrapper.xcdatamodel; path = easyGo.xcdatamodel; sourceTree = "<group>"; };
		4DE4A3E02681B5BB0084D587 /* Assets.xcassets */ = {isa = PBXFileReference; lastKnownFileType = folder.assetcatalog; path = Assets.xcassets; sourceTree = "<group>"; };
		4DE4A3E32681B5BB0084D587 /* Base */ = {isa = PBXFileReference; lastKnownFileType = file.storyboard; name = Base; path = Base.lproj/LaunchScreen.storyboard; sourceTree = "<group>"; };
		4DE4A3E52681B5BB0084D587 /* Info.plist */ = {isa = PBXFileReference; lastKnownFileType = text.plist.xml; path = Info.plist; sourceTree = "<group>"; };
		4DE4A3EB2681B5DF0084D587 /* sinInViewController.swift */ = {isa = PBXFileReference; lastKnownFileType = sourcecode.swift; path = sinInViewController.swift; sourceTree = "<group>"; };
		4DE4A3EE2681C2770084D587 /* listTableViewController.swift */ = {isa = PBXFileReference; lastKnownFileType = sourcecode.swift; path = listTableViewController.swift; sourceTree = "<group>"; };
		4DE4A3F02681C83F0084D587 /* orderTableViewController.swift */ = {isa = PBXFileReference; lastKnownFileType = sourcecode.swift; path = orderTableViewController.swift; sourceTree = "<group>"; };
		DEC40723EC431029D0060D20 /* Pods_easyGo.framework */ = {isa = PBXFileReference; explicitFileType = wrapper.framework; includeInIndex = 0; path = Pods_easyGo.framework; sourceTree = BUILT_PRODUCTS_DIR; };
		F85D8AB334691CF7C9528BCD /* Pods-easyGo.debug.xcconfig */ = {isa = PBXFileReference; includeInIndex = 1; lastKnownFileType = text.xcconfig; name = "Pods-easyGo.debug.xcconfig"; path = "Target Support Files/Pods-easyGo/Pods-easyGo.debug.xcconfig"; sourceTree = "<group>"; };
/* End PBXFileReference section */

/* Begin PBXFrameworksBuildPhase section */
		4DE4A3CE2681B5B60084D587 /* Frameworks */ = {
			isa = PBXFrameworksBuildPhase;
			buildActionMask = 2147483647;
			files = (
				4D65A1BE268367F800783BC5 /* FacebookLogin in Frameworks */,
				AE3F9269BD58221DFD2BF050 /* Pods_easyGo.framework in Frameworks */,
			);
			runOnlyForDeploymentPostprocessing = 0;
		};
/* End PBXFrameworksBuildPhase section */

/* Begin PBXGroup section */
		492911F3D6C1902BC20D1F7C /* Pods */ = {
			isa = PBXGroup;
			children = (
				F85D8AB334691CF7C9528BCD /* Pods-easyGo.debug.xcconfig */,
				29CB990A5DD5C1BC8619229F /* Pods-easyGo.release.xcconfig */,
			);
			path = Pods;
			sourceTree = "<group>";
		};
		49AA8B10FB322C3F424BEBD0 /* Frameworks */ = {
			isa = PBXGroup;
			children = (
				DEC40723EC431029D0060D20 /* Pods_easyGo.framework */,
			);
			name = Frameworks;
			sourceTree = "<group>";
		};
		4D65A1E82684B6BD00783BC5 /* data */ = {
			isa = PBXGroup;
			children = (
				4DA88AD0268990210006E411 /* location.swift */,
				4D65A1E92684C80900783BC5 /* listTableViewCell.swift */,
				4D65A1E62684B6B700783BC5 /* getData.swift */,
				4D66FA7C268823C1001BFD65 /* uploadData.swift */,
				4D66FA8026882438001BFD65 /* infoData.swift */,
			);
			path = data;
			sourceTree = "<group>";
		};
		4DE4A3C82681B5B60084D587 = {
			isa = PBXGroup;
			children = (
				4D65A1E82684B6BD00783BC5 /* data */,
				4DE4A3ED2681B5E30084D587 /* controller */,
				4DE4A3D32681B5B60084D587 /* easyGo */,
				4DE4A3D22681B5B60084D587 /* Products */,
				492911F3D6C1902BC20D1F7C /* Pods */,
				49AA8B10FB322C3F424BEBD0 /* Frameworks */,
			);
			sourceTree = "<group>";
		};
		4DE4A3D22681B5B60084D587 /* Products */ = {
			isa = PBXGroup;
			children = (
				4DE4A3D12681B5B60084D587 /* easyGo.app */,
			);
			name = Products;
			sourceTree = "<group>";
		};
		4DE4A3D32681B5B60084D587 /* easyGo */ = {
			isa = PBXGroup;
			children = (
				4DE4A3D42681B5B60084D587 /* AppDelegate.swift */,
				4DE4A3D62681B5B60084D587 /* SceneDelegate.swift */,
				4DE4A3DA2681B5B60084D587 /* Main.storyboard */,
				4DE4A3E02681B5BB0084D587 /* Assets.xcassets */,
				4DE4A3E22681B5BB0084D587 /* LaunchScreen.storyboard */,
				4DE4A3E52681B5BB0084D587 /* Info.plist */,
				4D65A19126831D9300783BC5 /* GoogleService-Info.plist */,
				4DE4A3DD2681B5B60084D587 /* easyGo.xcdatamodeld */,
			);
			path = easyGo;
			sourceTree = "<group>";
		};
		4DE4A3ED2681B5E30084D587 /* controller */ = {
			isa = PBXGroup;
			children = (
				4D65B09026873363008CB97B /* informationTableViewController.swift */,
				4DE4A3EB2681B5DF0084D587 /* sinInViewController.swift */,
				4DE4A3EE2681C2770084D587 /* listTableViewController.swift */,
				4DE4A3F02681C83F0084D587 /* orderTableViewController.swift */,
				4D65A19326831F2100783BC5 /* joinViewController.swift */,
			);
			path = controller;
			sourceTree = "<group>";
		};
/* End PBXGroup section */

/* Begin PBXNativeTarget section */
		4DE4A3D02681B5B60084D587 /* easyGo */ = {
			isa = PBXNativeTarget;
			buildConfigurationList = 4DE4A3E82681B5BB0084D587 /* Build configuration list for PBXNativeTarget "easyGo" */;
			buildPhases = (
				2A2611E220693B368FA34E15 /* [CP] Check Pods Manifest.lock */,
				4DE4A3CD2681B5B60084D587 /* Sources */,
				4DE4A3CE2681B5B60084D587 /* Frameworks */,
				4DE4A3CF2681B5B60084D587 /* Resources */,
				9F546A1C5A7BEAC8A51C52C4 /* [CP] Embed Pods Frameworks */,
			);
			buildRules = (
			);
			dependencies = (
			);
			name = easyGo;
			packageProductDependencies = (
				4D65A1BD268367F800783BC5 /* FacebookLogin */,
			);
			productName = easyGo;
			productReference = 4DE4A3D12681B5B60084D587 /* easyGo.app */;
			productType = "com.apple.product-type.application";
		};
/* End PBXNativeTarget section */

/* Begin PBXProject section */
		4DE4A3C92681B5B60084D587 /* Project object */ = {
			isa = PBXProject;
			attributes = {
				LastSwiftUpdateCheck = 1250;
				LastUpgradeCheck = 1250;
				TargetAttributes = {
					4DE4A3D02681B5B60084D587 = {
						CreatedOnToolsVersion = 12.5;
					};
				};
			};
			buildConfigurationList = 4DE4A3CC2681B5B60084D587 /* Build configuration list for PBXProject "easyGo" */;
			compatibilityVersion = "Xcode 9.3";
			developmentRegion = en;
			hasScannedForEncodings = 0;
			knownRegions = (
				en,
				Base,
			);
			mainGroup = 4DE4A3C82681B5B60084D587;
			packageReferences = (
				4D65A1BC268367F800783BC5 /* XCRemoteSwiftPackageReference "facebook-ios-sdk" */,
			);
			productRefGroup = 4DE4A3D22681B5B60084D587 /* Products */;
			projectDirPath = "";
			projectRoot = "";
			targets = (
				4DE4A3D02681B5B60084D587 /* easyGo */,
			);
		};
/* End PBXProject section */

/* Begin PBXResourcesBuildPhase section */
		4DE4A3CF2681B5B60084D587 /* Resources */ = {
			isa = PBXResourcesBuildPhase;
			buildActionMask = 2147483647;
			files = (
				4DE4A3E42681B5BB0084D587 /* LaunchScreen.storyboard in Resources */,
				4D65A19226831D9400783BC5 /* GoogleService-Info.plist in Resources */,
				4DE4A3E12681B5BB0084D587 /* Assets.xcassets in Resources */,
				4DE4A3DC2681B5B60084D587 /* Main.storyboard in Resources */,
			);
			runOnlyForDeploymentPostprocessing = 0;
		};
/* End PBXResourcesBuildPhase section */

/* Begin PBXShellScriptBuildPhase section */
		2A2611E220693B368FA34E15 /* [CP] Check Pods Manifest.lock */ = {
			isa = PBXShellScriptBuildPhase;
			buildActionMask = 2147483647;
			files = (
			);
			inputFileListPaths = (
			);
			inputPaths = (
				"${PODS_PODFILE_DIR_PATH}/Podfile.lock",
				"${PODS_ROOT}/Manifest.lock",
			);
			name = "[CP] Check Pods Manifest.lock";
			outputFileListPaths = (
			);
			outputPaths = (
				"$(DERIVED_FILE_DIR)/Pods-easyGo-checkManifestLockResult.txt",
			);
			runOnlyForDeploymentPostprocessing = 0;
			shellPath = /bin/sh;
			shellScript = "diff \"${PODS_PODFILE_DIR_PATH}/Podfile.lock\" \"${PODS_ROOT}/Manifest.lock\" > /dev/null\nif [ $? != 0 ] ; then\n    # print error to STDERR\n    echo \"error: The sandbox is not in sync with the Podfile.lock. Run 'pod install' or update your CocoaPods installation.\" >&2\n    exit 1\nfi\n# This output is used by Xcode 'outputs' to avoid re-running this script phase.\necho \"SUCCESS\" > \"${SCRIPT_OUTPUT_FILE_0}\"\n";
			showEnvVarsInLog = 0;
		};
		9F546A1C5A7BEAC8A51C52C4 /* [CP] Embed Pods Frameworks */ = {
			isa = PBXShellScriptBuildPhase;
			buildActionMask = 2147483647;
			files = (
			);
			inputFileListPaths = (
				"${PODS_ROOT}/Target Support Files/Pods-easyGo/Pods-easyGo-frameworks-${CONFIGURATION}-input-files.xcfilelist",
			);
			name = "[CP] Embed Pods Frameworks";
			outputFileListPaths = (
				"${PODS_ROOT}/Target Support Files/Pods-easyGo/Pods-easyGo-frameworks-${CONFIGURATION}-output-files.xcfilelist",
			);
			runOnlyForDeploymentPostprocessing = 0;
			shellPath = /bin/sh;
			shellScript = "\"${PODS_ROOT}/Target Support Files/Pods-easyGo/Pods-easyGo-frameworks.sh\"\n";
			showEnvVarsInLog = 0;
		};
/* End PBXShellScriptBuildPhase section */

/* Begin PBXSourcesBuildPhase section */
		4DE4A3CD2681B5B60084D587 /* Sources */ = {
			isa = PBXSourcesBuildPhase;
			buildActionMask = 2147483647;
			files = (
				4D65A1EA2684C80900783BC5 /* listTableViewCell.swift in Sources */,
				4DE4A3F12681C83F0084D587 /* orderTableViewController.swift in Sources */,
				4D65B09126873363008CB97B /* informationTableViewController.swift in Sources */,
				4D65A19426831F2100783BC5 /* joinViewController.swift in Sources */,
				4D65A1E72684B6B700783BC5 /* getData.swift in Sources */,
				4DE4A3EC2681B5DF0084D587 /* sinInViewController.swift in Sources */,
				4DE4A3D52681B5B60084D587 /* AppDelegate.swift in Sources */,
				4DA88AD1268990210006E411 /* location.swift in Sources */,
				4DE4A3D72681B5B60084D587 /* SceneDelegate.swift in Sources */,
				4DE4A3DF2681B5B60084D587 /* easyGo.xcdatamodeld in Sources */,
				4DE4A3EF2681C2770084D587 /* listTableViewController.swift in Sources */,
				4D66FA7D268823C1001BFD65 /* uploadData.swift in Sources */,
				4D66FA8126882438001BFD65 /* infoData.swift in Sources */,
			);
			runOnlyForDeploymentPostprocessing = 0;
		};
/* End PBXSourcesBuildPhase section */

/* Begin PBXVariantGroup section */
		4DE4A3DA2681B5B60084D587 /* Main.storyboard */ = {
			isa = PBXVariantGroup;
			children = (
				4DE4A3DB2681B5B60084D587 /* Base */,
			);
			name = Main.storyboard;
			sourceTree = "<group>";
		};
		4DE4A3E22681B5BB0084D587 /* LaunchScreen.storyboard */ = {
			isa = PBXVariantGroup;
			children = (
				4DE4A3E32681B5BB0084D587 /* Base */,
			);
			name = LaunchScreen.storyboard;
			sourceTree = "<group>";
		};
/* End PBXVariantGroup section */

/* Begin XCBuildConfiguration section */
		4DE4A3E62681B5BB0084D587 /* Debug */ = {
			isa = XCBuildConfiguration;
			buildSettings = {
				ALWAYS_SEARCH_USER_PATHS = NO;
				CLANG_ANALYZER_NONNULL = YES;
				CLANG_ANALYZER_NUMBER_OBJECT_CONVERSION = YES_AGGRESSIVE;
				CLANG_CXX_LANGUAGE_STANDARD = "gnu++14";
				CLANG_CXX_LIBRARY = "libc++";
				CLANG_ENABLE_MODULES = YES;
				CLANG_ENABLE_OBJC_ARC = YES;
				CLANG_ENABLE_OBJC_WEAK = YES;
				CLANG_WARN_BLOCK_CAPTURE_AUTORELEASING = YES;
				CLANG_WARN_BOOL_CONVERSION = YES;
				CLANG_WARN_COMMA = YES;
				CLANG_WARN_CONSTANT_CONVERSION = YES;
				CLANG_WARN_DEPRECATED_OBJC_IMPLEMENTATIONS = YES;
				CLANG_WARN_DIRECT_OBJC_ISA_USAGE = YES_ERROR;
				CLANG_WARN_DOCUMENTATION_COMMENTS = YES;
				CLANG_WARN_EMPTY_BODY = YES;
				CLANG_WARN_ENUM_CONVERSION = YES;
				CLANG_WARN_INFINITE_RECURSION = YES;
				CLANG_WARN_INT_CONVERSION = YES;
				CLANG_WARN_NON_LITERAL_NULL_CONVERSION = YES;
				CLANG_WARN_OBJC_IMPLICIT_RETAIN_SELF = YES;
				CLANG_WARN_OBJC_LITERAL_CONVERSION = YES;
				CLANG_WARN_OBJC_ROOT_CLASS = YES_ERROR;
				CLANG_WARN_QUOTED_INCLUDE_IN_FRAMEWORK_HEADER = YES;
				CLANG_WARN_RANGE_LOOP_ANALYSIS = YES;
				CLANG_WARN_STRICT_PROTOTYPES = YES;
				CLANG_WARN_SUSPICIOUS_MOVE = YES;
				CLANG_WARN_UNGUARDED_AVAILABILITY = YES_AGGRESSIVE;
				CLANG_WARN_UNREACHABLE_CODE = YES;
				CLANG_WARN__DUPLICATE_METHOD_MATCH = YES;
				COPY_PHASE_STRIP = NO;
				DEBUG_INFORMATION_FORMAT = dwarf;
				ENABLE_STRICT_OBJC_MSGSEND = YES;
				ENABLE_TESTABILITY = YES;
				GCC_C_LANGUAGE_STANDARD = gnu11;
				GCC_DYNAMIC_NO_PIC = NO;
				GCC_NO_COMMON_BLOCKS = YES;
				GCC_OPTIMIZATION_LEVEL = 0;
				GCC_PREPROCESSOR_DEFINITIONS = (
					"DEBUG=1",
					"$(inherited)",
				);
				GCC_WARN_64_TO_32_BIT_CONVERSION = YES;
				GCC_WARN_ABOUT_RETURN_TYPE = YES_ERROR;
				GCC_WARN_UNDECLARED_SELECTOR = YES;
				GCC_WARN_UNINITIALIZED_AUTOS = YES_AGGRESSIVE;
				GCC_WARN_UNUSED_FUNCTION = YES;
				GCC_WARN_UNUSED_VARIABLE = YES;
				IPHONEOS_DEPLOYMENT_TARGET = 14.5;
				MTL_ENABLE_DEBUG_INFO = INCLUDE_SOURCE;
				MTL_FAST_MATH = YES;
				ONLY_ACTIVE_ARCH = YES;
				SDKROOT = iphoneos;
				SWIFT_ACTIVE_COMPILATION_CONDITIONS = DEBUG;
				SWIFT_OPTIMIZATION_LEVEL = "-Onone";
			};
			name = Debug;
		};
		4DE4A3E72681B5BB0084D587 /* Release */ = {
			isa = XCBuildConfiguration;
			buildSettings = {
				ALWAYS_SEARCH_USER_PATHS = NO;
				CLANG_ANALYZER_NONNULL = YES;
				CLANG_ANALYZER_NUMBER_OBJECT_CONVERSION = YES_AGGRESSIVE;
				CLANG_CXX_LANGUAGE_STANDARD = "gnu++14";
				CLANG_CXX_LIBRARY = "libc++";
				CLANG_ENABLE_MODULES = YES;
				CLANG_ENABLE_OBJC_ARC = YES;
				CLANG_ENABLE_OBJC_WEAK = YES;
				CLANG_WARN_BLOCK_CAPTURE_AUTORELEASING = YES;
				CLANG_WARN_BOOL_CONVERSION = YES;
				CLANG_WARN_COMMA = YES;
				CLANG_WARN_CONSTANT_CONVERSION = YES;
				CLANG_WARN_DEPRECATED_OBJC_IMPLEMENTATIONS = YES;
				CLANG_WARN_DIRECT_OBJC_ISA_USAGE = YES_ERROR;
				CLANG_WARN_DOCUMENTATION_COMMENTS = YES;
				CLANG_WARN_EMPTY_BODY = YES;
				CLANG_WARN_ENUM_CONVERSION = YES;
				CLANG_WARN_INFINITE_RECURSION = YES;
				CLANG_WARN_INT_CONVERSION = YES;
				CLANG_WARN_NON_LITERAL_NULL_CONVERSION = YES;
				CLANG_WARN_OBJC_IMPLICIT_RETAIN_SELF = YES;
				CLANG_WARN_OBJC_LITERAL_CONVERSION = YES;
				CLANG_WARN_OBJC_ROOT_CLASS = YES_ERROR;
				CLANG_WARN_QUOTED_INCLUDE_IN_FRAMEWORK_HEADER = YES;
				CLANG_WARN_RANGE_LOOP_ANALYSIS = YES;
				CLANG_WARN_STRICT_PROTOTYPES = YES;
				CLANG_WARN_SUSPICIOUS_MOVE = YES;
				CLANG_WARN_UNGUARDED_AVAILABILITY = YES_AGGRESSIVE;
				CLANG_WARN_UNREACHABLE_CODE = YES;
				CLANG_WARN__DUPLICATE_METHOD_MATCH = YES;
				COPY_PHASE_STRIP = NO;
				DEBUG_INFORMATION_FORMAT = "dwarf-with-dsym";
				ENABLE_NS_ASSERTIONS = NO;
				ENABLE_STRICT_OBJC_MSGSEND = YES;
				GCC_C_LANGUAGE_STANDARD = gnu11;
				GCC_NO_COMMON_BLOCKS = YES;
				GCC_WARN_64_TO_32_BIT_CONVERSION = YES;
				GCC_WARN_ABOUT_RETURN_TYPE = YES_ERROR;
				GCC_WARN_UNDECLARED_SELECTOR = YES;
				GCC_WARN_UNINITIALIZED_AUTOS = YES_AGGRESSIVE;
				GCC_WARN_UNUSED_FUNCTION = YES;
				GCC_WARN_UNUSED_VARIABLE = YES;
				IPHONEOS_DEPLOYMENT_TARGET = 14.5;
				MTL_ENABLE_DEBUG_INFO = NO;
				MTL_FAST_MATH = YES;
				SDKROOT = iphoneos;
				SWIFT_COMPILATION_MODE = wholemodule;
				SWIFT_OPTIMIZATION_LEVEL = "-O";
				VALIDATE_PRODUCT = YES;
			};
			name = Release;
		};
		4DE4A3E92681B5BB0084D587 /* Debug */ = {
			isa = XCBuildConfiguration;
			baseConfigurationReference = F85D8AB334691CF7C9528BCD /* Pods-easyGo.debug.xcconfig */;
			buildSettings = {
				ASSETCATALOG_COMPILER_APPICON_NAME = AppIcon;
				ASSETCATALOG_COMPILER_GLOBAL_ACCENT_COLOR_NAME = AccentColor;
				CODE_SIGN_STYLE = Automatic;
				DEVELOPMENT_TEAM = KWKVL4YQWY;
				INFOPLIST_FILE = easyGo/Info.plist;
				LD_RUNPATH_SEARCH_PATHS = (
					"$(inherited)",
					"@executable_path/Frameworks",
				);
				PRODUCT_BUNDLE_IDENTIFIER = com.will.easyGo;
				PRODUCT_NAME = "$(TARGET_NAME)";
				SWIFT_VERSION = 5.0;
				TARGETED_DEVICE_FAMILY = "1,2";
			};
			name = Debug;
		};
		4DE4A3EA2681B5BB0084D587 /* Release */ = {
			isa = XCBuildConfiguration;
			baseConfigurationReference = 29CB990A5DD5C1BC8619229F /* Pods-easyGo.release.xcconfig */;
			buildSettings = {
				ASSETCATALOG_COMPILER_APPICON_NAME = AppIcon;
				ASSETCATALOG_COMPILER_GLOBAL_ACCENT_COLOR_NAME = AccentColor;
				CODE_SIGN_STYLE = Automatic;
				DEVELOPMENT_TEAM = KWKVL4YQWY;
				INFOPLIST_FILE = easyGo/Info.plist;
				LD_RUNPATH_SEARCH_PATHS = (
					"$(inherited)",
					"@executable_path/Frameworks",
				);
				PRODUCT_BUNDLE_IDENTIFIER = com.will.easyGo;
				PRODUCT_NAME = "$(TARGET_NAME)";
				SWIFT_VERSION = 5.0;
				TARGETED_DEVICE_FAMILY = "1,2";
			};
			name = Release;
		};
/* End XCBuildConfiguration section */

/* Begin XCConfigurationList section */
		4DE4A3CC2681B5B60084D587 /* Build configuration list for PBXProject "easyGo" */ = {
			isa = XCConfigurationList;
			buildConfigurations = (
				4DE4A3E62681B5BB0084D587 /* Debug */,
				4DE4A3E72681B5BB0084D587 /* Release */,
			);
			defaultConfigurationIsVisible = 0;
			defaultConfigurationName = Release;
		};
		4DE4A3E82681B5BB0084D587 /* Build configuration list for PBXNativeTarget "easyGo" */ = {
			isa = XCConfigurationList;
			buildConfigurations = (
				4DE4A3E92681B5BB0084D587 /* Debug */,
				4DE4A3EA2681B5BB0084D587 /* Release */,
			);
			defaultConfigurationIsVisible = 0;
			defaultConfigurationName = Release;
		};
/* End XCConfigurationList section */

/* Begin XCRemoteSwiftPackageReference section */
		4D65A1BC268367F800783BC5 /* XCRemoteSwiftPackageReference "facebook-ios-sdk" */ = {
			isa = XCRemoteSwiftPackageReference;
			repositoryURL = "https://github.com/facebook/facebook-ios-sdk.git";
			requirement = {
				kind = upToNextMajorVersion;
				minimumVersion = 11.0.1;
			};
		};
/* End XCRemoteSwiftPackageReference section */

/* Begin XCSwiftPackageProductDependency section */
		4D65A1BD268367F800783BC5 /* FacebookLogin */ = {
			isa = XCSwiftPackageProductDependency;
			package = 4D65A1BC268367F800783BC5 /* XCRemoteSwiftPackageReference "facebook-ios-sdk" */;
			productName = FacebookLogin;
		};
/* End XCSwiftPackageProductDependency section */

/* Begin XCVersionGroup section */
		4DE4A3DD2681B5B60084D587 /* easyGo.xcdatamodeld */ = {
			isa = XCVersionGroup;
			children = (
				4DE4A3DE2681B5B60084D587 /* easyGo.xcdatamodel */,
			);
			currentVersion = 4DE4A3DE2681B5B60084D587 /* easyGo.xcdatamodel */;
			path = easyGo.xcdatamodeld;
			sourceTree = "<group>";
			versionGroupType = wrapper.xcdatamodel;
		};
/* End XCVersionGroup section */
	};
	rootObject = 4DE4A3C92681B5B60084D587 /* Project object */;
}
